
Microsoft Visual Studio Solution File, Format Version 12.00
# Visual Studio Version 16
VisualStudioVersion = 16.0.30621.155
MinimumVisualStudioVersion = 10.0.40219.1
Project("{FAE04EC0-301F-11D3-BF4B-00C04F79EFBC}") = "Calculate", "Calculate.csproj", "{D49FBD25-5D1C-41FC-8D9A-4D1B2A14551A}"
EndProject
Global
	GlobalSection(SolutionConfigurationPlatforms) = preSolution
		Debug|Any CPU = Debug|Any CPU
		Release|Any CPU = Release|Any CPU
	EndGlobalSection
	GlobalSection(ProjectConfigurationPlatforms) = postSolution
		{D49FBD25-5D1C-41FC-8D9A-4D1B2A14551A}.Debug|Any CPU.ActiveCfg = Debug|Any CPU
		{D49FBD25-5D1C-41FC-8D9A-4D1B2A14551A}.Debug|Any CPU.Build.0 = Debug|Any CPU
		{D49FBD25-5D1C-41FC-8D9A-4D1B2A14551A}.Release|Any CPU.ActiveCfg = Release|Any CPU
		{D49FBD25-5D1C-41FC-8D9A-4D1B2A14551A}.Release|Any CPU.Build.0 = Release|Any CPU
	EndGlobalSection
	GlobalSection(SolutionProperties) = preSolution
		HideSolutionNode = FALSE
	EndGlobalSection
	GlobalSection(ExtensibilityGlobals) = postSolution
		SolutionGuid = {A36C1F47-C114-4595-B4B0-1DEA42B7B202}
	EndGlobalSection
EndGlobal
