
Microsoft Visual Studio Solution File, Format Version 12.00
# Visual Studio 15
VisualStudioVersion = 15.0.27428.2037
MinimumVisualStudioVersion = 10.0.40219.1
Project("{FAE04EC0-301F-11D3-BF4B-00C04F79EFBC}") = "SuperBank", "SuperBank\SuperBank.csproj", "{0237F1C9-B80D-4520-BD4B-04B3B6FB43F9}"
EndProject
Global
	GlobalSection(SolutionConfigurationPlatforms) = preSolution
		Debug|Any CPU = Debug|Any CPU
		Release|Any CPU = Release|Any CPU
	EndGlobalSection
	GlobalSection(ProjectConfigurationPlatforms) = postSolution
		{0237F1C9-B80D-4520-BD4B-04B3B6FB43F9}.Debug|Any CPU.ActiveCfg = Debug|Any CPU
		{0237F1C9-B80D-4520-BD4B-04B3B6FB43F9}.Debug|Any CPU.Build.0 = Debug|Any CPU
		{0237F1C9-B80D-4520-BD4B-04B3B6FB43F9}.Release|Any CPU.ActiveCfg = Release|Any CPU
		{0237F1C9-B80D-4520-BD4B-04B3B6FB43F9}.Release|Any CPU.Build.0 = Release|Any CPU
	EndGlobalSection
	GlobalSection(SolutionProperties) = preSolution
		HideSolutionNode = FALSE
	EndGlobalSection
	GlobalSection(ExtensibilityGlobals) = postSolution
		SolutionGuid = {F94FC7B0-8587-4731-B3DF-B4E4198C1945}
	EndGlobalSection
EndGlobal
